{
    "_readme": [
        "This file locks the dependencies of your project to a known state",
        "Read more about it at https://getcomposer.org/doc/01-basic-usage.md#installing-dependencies",
        "This file is @generated automatically"
    ],
    "content-hash": "e8cc67bcf1cf1bc297014eecacb19a20",
    "packages": [
        {
            "name": "softius/cors-proxy",
            "version": "dev-master",
            "source": {
                "type": "git",
                "url": "https://github.com/softius/php-cross-domain-proxy.git",
                "reference": "be3713962b05902324ce8503bc36379cbbb1fd22"
            },
            "dist": {
                "type": "zip",
                "url": "https://api.github.com/repos/softius/php-cross-domain-proxy/zipball/be3713962b05902324ce8503bc36379cbbb1fd22",
                "reference": "be3713962b05902324ce8503bc36379cbbb1fd22",
                "shasum": ""
            },
            "require": {
                "php": ">=5.3.0"
            },
            "default-branch": true,
            "type": "library",
            "extra": {
                "branch-alias": {
                    "dev-master": "1.0-dev"
                }
            },
            "notification-url": "https://packagist.org/downloads/",
            "license": [
                "GPL-3.0"
            ],
            "authors": [
                {
                    "name": "Iacovos Constantinou",
                    "email": "softius@gmail.com",
                    "homepage": "https://github.com/softius",
                    "role": "Developer"
                }
            ],
            "description": "PHP CORS Proxy",
            "homepage": "https://github.com/softius/php-cross-domain-proxy",
            "keywords": [
                "cors",
                "cors-proxy",
                "proxy",
                "softius"
            ],
            "support": {
                "issues": "https://github.com/softius/php-cross-domain-proxy/issues",
                "source": "https://github.com/softius/php-cross-domain-proxy/tree/master"
            },
            "time": "2018-09-21T14:12:16+00:00"
        }
    ],
    "packages-dev": [],
    "aliases": [],
    "minimum-stability": "dev",
    "stability-flags": {
        "softius/cors-proxy": 20
    },
    "prefer-stable": false,
    "prefer-lowest": false,
    "platform": {
        "php": ">=5.3.0"
    },
    "platform-dev": [],
    "plugin-api-version": "2.3.0"
}
